
Microsoft Visual Studio Solution File, Format Version 12.00
# Visual Studio Version 17
VisualStudioVersion = 17.0.33402.176
MinimumVisualStudioVersion = 10.0.40219.1
Project("{FAE04EC0-301F-11D3-BF4B-00C04F79EFBC}") = "WebappDependancyInjection", "WebappDependancyInjection\WebappDependancyInjection.csproj", "{70122211-9F1A-427D-9675-E1785EFF7CEA}"
EndProject
Project("{2150E333-8FDC-42A3-9474-1A3956D46DE8}") = "Solution Items", "Solution Items", "{46356A2C-DEC7-49BE-B524-1579D9632B5F}"
	ProjectSection(SolutionItems) = preProject
		.editorconfig = .editorconfig
	EndProjectSection
EndProject
Global
	GlobalSection(SolutionConfigurationPlatforms) = preSolution
		Debug|Any CPU = Debug|Any CPU
		Release|Any CPU = Release|Any CPU
	EndGlobalSection
	GlobalSection(ProjectConfigurationPlatforms) = postSolution
		{70122211-9F1A-427D-9675-E1785EFF7CEA}.Debug|Any CPU.ActiveCfg = Debug|Any CPU
		{70122211-9F1A-427D-9675-E1785EFF7CEA}.Debug|Any CPU.Build.0 = Debug|Any CPU
		{70122211-9F1A-427D-9675-E1785EFF7CEA}.Release|Any CPU.ActiveCfg = Release|Any CPU
		{70122211-9F1A-427D-9675-E1785EFF7CEA}.Release|Any CPU.Build.0 = Release|Any CPU
	EndGlobalSection
	GlobalSection(SolutionProperties) = preSolution
		HideSolutionNode = FALSE
	EndGlobalSection
	GlobalSection(ExtensibilityGlobals) = postSolution
		SolutionGuid = {6E074959-2455-4C17-ABD7-05EC69E51F29}
	EndGlobalSection
EndGlobal
